# This file is automatically @generated by Cargo.
# It is not intended for manual editing.
version = 3

[[package]]
name = "easybench"
version = "1.1.1"
source = "registry+https://github.com/rust-lang/crates.io-index"
checksum = "0fe5e0c7c863ab37184b6310b4ff6b857c71814ff38e93c5b99fbda1467a5a32"

[[package]]
name = "gourd"
version = "0.1.0-alpha"
dependencies = [
 "easybench",
]
